
Microsoft Visual Studio Solution File, Format Version 12.00
# Visual Studio Version 16
VisualStudioVersion = 16.0.31205.134
MinimumVisualStudioVersion = 10.0.40219.1
Project("{FAE04EC0-301F-11D3-BF4B-00C04F79EFBC}") = "DownloadClient", "DownloadClient\DownloadClient.csproj", "{842335EE-A303-410F-84A5-986CCD3341C9}"
EndProject
Global
	GlobalSection(SolutionConfigurationPlatforms) = preSolution
		Debug|Any CPU = Debug|Any CPU
		Release|Any CPU = Release|Any CPU
	EndGlobalSection
	GlobalSection(ProjectConfigurationPlatforms) = postSolution
		{842335EE-A303-410F-84A5-986CCD3341C9}.Debug|Any CPU.ActiveCfg = Debug|Any CPU
		{842335EE-A303-410F-84A5-986CCD3341C9}.Debug|Any CPU.Build.0 = Debug|Any CPU
		{842335EE-A303-410F-84A5-986CCD3341C9}.Release|Any CPU.ActiveCfg = Release|Any CPU
		{842335EE-A303-410F-84A5-986CCD3341C9}.Release|Any CPU.Build.0 = Release|Any CPU
	EndGlobalSection
	GlobalSection(SolutionProperties) = preSolution
		HideSolutionNode = FALSE
	EndGlobalSection
	GlobalSection(ExtensibilityGlobals) = postSolution
		SolutionGuid = {E8E75C64-DCAB-4388-A754-3D1BB3ADE107}
	EndGlobalSection
EndGlobal
